
Microsoft Visual Studio Solution File, Format Version 12.00
# Visual Studio Version 17
VisualStudioVersion = 17.5.002.0
MinimumVisualStudioVersion = 10.0.40219.1
Project("{9A19103F-16F7-4668-BE54-9A1E7A4F7556}") = "clr-api", "clr-api.csproj", "{990C6C8B-7900-472F-936F-6E37910775E9}"
EndProject
Global
	GlobalSection(SolutionConfigurationPlatforms) = preSolution
		Debug|Any CPU = Debug|Any CPU
		Release|Any CPU = Release|Any CPU
	EndGlobalSection
	GlobalSection(ProjectConfigurationPlatforms) = postSolution
		{990C6C8B-7900-472F-936F-6E37910775E9}.Debug|Any CPU.ActiveCfg = Debug|Any CPU
		{990C6C8B-7900-472F-936F-6E37910775E9}.Debug|Any CPU.Build.0 = Debug|Any CPU
		{990C6C8B-7900-472F-936F-6E37910775E9}.Release|Any CPU.ActiveCfg = Release|Any CPU
		{990C6C8B-7900-472F-936F-6E37910775E9}.Release|Any CPU.Build.0 = Release|Any CPU
	EndGlobalSection
	GlobalSection(SolutionProperties) = preSolution
		HideSolutionNode = FALSE
	EndGlobalSection
	GlobalSection(ExtensibilityGlobals) = postSolution
		SolutionGuid = {7F9FAE93-2850-425E-BD97-47BC9B066BB2}
	EndGlobalSection
EndGlobal
